PODS:
  - Alamofire (5.8.0)
  - Moya (15.0.0):
    - Moya/Core (= 15.0.0)
  - Moya/Core (15.0.0):
    - Alamofire (~> 5.0)
  - Realm (10.42.3):
    - Realm/Headers (= 10.42.3)
  - Realm/Headers (10.42.3)
  - RealmSwift (10.42.3):
    - Realm (= 10.42.3)
  - SwiftyJSON (5.0.1)

DEPENDENCIES:
  - Alamofire
  - Moya
  - RealmSwift
  - SwiftyJSON

SPEC REPOS:
  trunk:
    - Alamofire
    - Moya
    - Realm
    - RealmSwift
    - SwiftyJSON

SPEC CHECKSUMS:
  Alamofire: 0e92e751b3e9e66d7982db43919d01f313b8eb91
  Moya: 138f0573e53411fb3dc17016add0b748dfbd78ee
  Realm: ac7fa0100533e1c91511b19a58e837f9cfd80bb7
  RealmSwift: a06d4e3c623a5f236bd9fe214f0bfdfee20312c2
  SwiftyJSON: 2f33a42c6fbc52764d96f13368585094bfd8aa5e

PODFILE CHECKSUM: 0cafd03bd1bedd8339f8b38207917fd4e46b5b18

COCOAPODS: 1.13.0
